
Microsoft Visual Studio Solution File, Format Version 12.00
# Visual Studio Version 17
VisualStudioVersion = 17.5.33627.172
MinimumVisualStudioVersion = 10.0.40219.1
Project("{FAE04EC0-301F-11D3-BF4B-00C04F79EFBC}") = "QLVS_1911060974_Hai", "QLVS_1911060974_Hai\QLVS_1911060974_Hai.csproj", "{5DC23703-7670-456A-8C0F-0DF735C7F3FD}"
EndProject
Project("{FAE04EC0-301F-11D3-BF4B-00C04F79EFBC}") = "QLSV_1911060974_Hai", "QLSV_1911060974_Hai\QLSV_1911060974_Hai.csproj", "{8CE24D60-8CB5-4C5F-B350-C79F5DBFC863}"
	ProjectSection(ProjectDependencies) = postProject
		{5DC23703-7670-456A-8C0F-0DF735C7F3FD} = {5DC23703-7670-456A-8C0F-0DF735C7F3FD}
	EndProjectSection
EndProject
Global
	GlobalSection(SolutionConfigurationPlatforms) = preSolution
		Debug|Any CPU = Debug|Any CPU
		Release|Any CPU = Release|Any CPU
	EndGlobalSection
	GlobalSection(ProjectConfigurationPlatforms) = postSolution
		{5DC23703-7670-456A-8C0F-0DF735C7F3FD}.Debug|Any CPU.ActiveCfg = Debug|Any CPU
		{5DC23703-7670-456A-8C0F-0DF735C7F3FD}.Debug|Any CPU.Build.0 = Debug|Any CPU
		{5DC23703-7670-456A-8C0F-0DF735C7F3FD}.Release|Any CPU.ActiveCfg = Release|Any CPU
		{5DC23703-7670-456A-8C0F-0DF735C7F3FD}.Release|Any CPU.Build.0 = Release|Any CPU
		{8CE24D60-8CB5-4C5F-B350-C79F5DBFC863}.Debug|Any CPU.ActiveCfg = Debug|Any CPU
		{8CE24D60-8CB5-4C5F-B350-C79F5DBFC863}.Debug|Any CPU.Build.0 = Debug|Any CPU
		{8CE24D60-8CB5-4C5F-B350-C79F5DBFC863}.Release|Any CPU.ActiveCfg = Release|Any CPU
		{8CE24D60-8CB5-4C5F-B350-C79F5DBFC863}.Release|Any CPU.Build.0 = Release|Any CPU
	EndGlobalSection
	GlobalSection(SolutionProperties) = preSolution
		HideSolutionNode = FALSE
	EndGlobalSection
	GlobalSection(ExtensibilityGlobals) = postSolution
		SolutionGuid = {99AEDA82-4AF8-4976-959E-879064AFA14D}
	EndGlobalSection
EndGlobal
